// !$*UTF8*$!
{
	archiveVersion = 1;
	classes = {
	};
	objectVersion = 56;
	objects = {

/* Begin PBXBuildFile section */
		64ACF2662B6C160A006A9DA1 /* AlphatoDoListApp.swift in Sources */ = {isa = PBXBuildFile; fileRef = 64ACF2652B6C160A006A9DA1 /* AlphatoDoListApp.swift */; };
		64ACF2682B6C160A006A9DA1 /* MainView.swift in Sources */ = {isa = PBXBuildFile; fileRef = 64ACF2672B6C160A006A9DA1 /* MainView.swift */; };
		64ACF26A2B6C160A006A9DA1 /* Assets.xcassets in Resources */ = {isa = PBXBuildFile; fileRef = 64ACF2692B6C160A006A9DA1 /* Assets.xcassets */; };
		64ACF26D2B6C160A006A9DA1 /* Preview Assets.xcassets in Resources */ = {isa = PBXBuildFile; fileRef = 64ACF26C2B6C160A006A9DA1 /* Preview Assets.xcassets */; };
		64ACF2752B6C169B006A9DA1 /* FirebaseAnalytics in Frameworks */ = {isa = PBXBuildFile; productRef = 64ACF2742B6C169B006A9DA1 /* FirebaseAnalytics */; };
		64ACF2772B6C169B006A9DA1 /* FirebaseAnalyticsOnDeviceConversion in Frameworks */ = {isa = PBXBuildFile; productRef = 64ACF2762B6C169B006A9DA1 /* FirebaseAnalyticsOnDeviceConversion */; };
		64ACF2792B6C169B006A9DA1 /* FirebaseAnalyticsSwift in Frameworks */ = {isa = PBXBuildFile; productRef = 64ACF2782B6C169B006A9DA1 /* FirebaseAnalyticsSwift */; };
		64ACF27B2B6C169B006A9DA1 /* FirebaseAnalyticsWithoutAdIdSupport in Frameworks */ = {isa = PBXBuildFile; productRef = 64ACF27A2B6C169B006A9DA1 /* FirebaseAnalyticsWithoutAdIdSupport */; };
		64ACF27D2B6C169B006A9DA1 /* FirebaseAppCheck in Frameworks */ = {isa = PBXBuildFile; productRef = 64ACF27C2B6C169B006A9DA1 /* FirebaseAppCheck */; };
		64ACF27F2B6C169B006A9DA1 /* FirebaseAppDistribution-Beta in Frameworks */ = {isa = PBXBuildFile; productRef = 64ACF27E2B6C169B006A9DA1 /* FirebaseAppDistribution-Beta */; };
		64ACF2812B6C169B006A9DA1 /* FirebaseAuth in Frameworks */ = {isa = PBXBuildFile; productRef = 64ACF2802B6C169B006A9DA1 /* FirebaseAuth */; };
		64ACF2832B6C169B006A9DA1 /* FirebaseAuthCombine-Community in Frameworks */ = {isa = PBXBuildFile; productRef = 64ACF2822B6C169B006A9DA1 /* FirebaseAuthCombine-Community */; };
		64ACF2852B6C169B006A9DA1 /* FirebaseCrashlytics in Frameworks */ = {isa = PBXBuildFile; productRef = 64ACF2842B6C169B006A9DA1 /* FirebaseCrashlytics */; };
		64ACF2872B6C169B006A9DA1 /* FirebaseDatabase in Frameworks */ = {isa = PBXBuildFile; productRef = 64ACF2862B6C169B006A9DA1 /* FirebaseDatabase */; };
		64ACF2892B6C169B006A9DA1 /* FirebaseDatabaseSwift in Frameworks */ = {isa = PBXBuildFile; productRef = 64ACF2882B6C169B006A9DA1 /* FirebaseDatabaseSwift */; };
		64ACF28B2B6C169B006A9DA1 /* FirebaseDynamicLinks in Frameworks */ = {isa = PBXBuildFile; productRef = 64ACF28A2B6C169B006A9DA1 /* FirebaseDynamicLinks */; };
		64ACF28D2B6C169B006A9DA1 /* FirebaseFirestore in Frameworks */ = {isa = PBXBuildFile; productRef = 64ACF28C2B6C169B006A9DA1 /* FirebaseFirestore */; };
		64ACF28F2B6C169B006A9DA1 /* FirebaseFirestoreCombine-Community in Frameworks */ = {isa = PBXBuildFile; productRef = 64ACF28E2B6C169B006A9DA1 /* FirebaseFirestoreCombine-Community */; };
		64ACF2912B6C169B006A9DA1 /* FirebaseFirestoreSwift in Frameworks */ = {isa = PBXBuildFile; productRef = 64ACF2902B6C169B006A9DA1 /* FirebaseFirestoreSwift */; };
		64ACF2932B6C169B006A9DA1 /* FirebaseFunctions in Frameworks */ = {isa = PBXBuildFile; productRef = 64ACF2922B6C169B006A9DA1 /* FirebaseFunctions */; };
		64ACF2952B6C169B006A9DA1 /* FirebaseFunctionsCombine-Community in Frameworks */ = {isa = PBXBuildFile; productRef = 64ACF2942B6C169B006A9DA1 /* FirebaseFunctionsCombine-Community */; };
		64ACF2972B6C169B006A9DA1 /* FirebaseInAppMessaging-Beta in Frameworks */ = {isa = PBXBuildFile; productRef = 64ACF2962B6C169B006A9DA1 /* FirebaseInAppMessaging-Beta */; };
		64ACF2992B6C169B006A9DA1 /* FirebaseInAppMessagingSwift-Beta in Frameworks */ = {isa = PBXBuildFile; productRef = 64ACF2982B6C169B006A9DA1 /* FirebaseInAppMessagingSwift-Beta */; };
		64ACF29B2B6C169B006A9DA1 /* FirebaseInstallations in Frameworks */ = {isa = PBXBuildFile; productRef = 64ACF29A2B6C169B006A9DA1 /* FirebaseInstallations */; };
		64ACF29D2B6C169B006A9DA1 /* FirebaseMLModelDownloader in Frameworks */ = {isa = PBXBuildFile; productRef = 64ACF29C2B6C169B006A9DA1 /* FirebaseMLModelDownloader */; };
		64ACF29F2B6C169B006A9DA1 /* FirebaseMessaging in Frameworks */ = {isa = PBXBuildFile; productRef = 64ACF29E2B6C169B006A9DA1 /* FirebaseMessaging */; };
		64ACF2A12B6C169B006A9DA1 /* FirebasePerformance in Frameworks */ = {isa = PBXBuildFile; productRef = 64ACF2A02B6C169B006A9DA1 /* FirebasePerformance */; };
		64ACF2A32B6C169B006A9DA1 /* FirebaseRemoteConfig in Frameworks */ = {isa = PBXBuildFile; productRef = 64ACF2A22B6C169B006A9DA1 /* FirebaseRemoteConfig */; };
		64ACF2A52B6C169B006A9DA1 /* FirebaseRemoteConfigSwift in Frameworks */ = {isa = PBXBuildFile; productRef = 64ACF2A42B6C169B006A9DA1 /* FirebaseRemoteConfigSwift */; };
		64ACF2A72B6C169B006A9DA1 /* FirebaseStorage in Frameworks */ = {isa = PBXBuildFile; productRef = 64ACF2A62B6C169B006A9DA1 /* FirebaseStorage */; };
		64ACF2A92B6C169B006A9DA1 /* FirebaseStorageCombine-Community in Frameworks */ = {isa = PBXBuildFile; productRef = 64ACF2A82B6C169B006A9DA1 /* FirebaseStorageCombine-Community */; };
		64ACF2AB2B6C17C9006A9DA1 /* GoogleService-Info.plist in Resources */ = {isa = PBXBuildFile; fileRef = 64ACF2AA2B6C17C9006A9DA1 /* GoogleService-Info.plist */; };
		64ACF2B22B6C19F9006A9DA1 /* ProfileView.swift in Sources */ = {isa = PBXBuildFile; fileRef = 64ACF2B12B6C19F9006A9DA1 /* ProfileView.swift */; };
		64ACF2B42B6C1A09006A9DA1 /* NewItemView.swift in Sources */ = {isa = PBXBuildFile; fileRef = 64ACF2B32B6C1A09006A9DA1 /* NewItemView.swift */; };
		64ACF2B62B6C1A11006A9DA1 /* LoginView.swift in Sources */ = {isa = PBXBuildFile; fileRef = 64ACF2B52B6C1A11006A9DA1 /* LoginView.swift */; };
		64ACF2B82B6C1A1C006A9DA1 /* RegisterView.swift in Sources */ = {isa = PBXBuildFile; fileRef = 64ACF2B72B6C1A1C006A9DA1 /* RegisterView.swift */; };
		64ACF2BA2B6C1A26006A9DA1 /* ToDoListView.swift in Sources */ = {isa = PBXBuildFile; fileRef = 64ACF2B92B6C1A26006A9DA1 /* ToDoListView.swift */; };
		64ACF2BC2B6C1A54006A9DA1 /* ToDoListItemView.swift in Sources */ = {isa = PBXBuildFile; fileRef = 64ACF2BB2B6C1A54006A9DA1 /* ToDoListItemView.swift */; };
		64ACF2BE2B6C1A73006A9DA1 /* User.swift in Sources */ = {isa = PBXBuildFile; fileRef = 64ACF2BD2B6C1A73006A9DA1 /* User.swift */; };
		64ACF2C02B6C1A8A006A9DA1 /* ToDoListItem.swift in Sources */ = {isa = PBXBuildFile; fileRef = 64ACF2BF2B6C1A8A006A9DA1 /* ToDoListItem.swift */; };
		64ACF2C22B6C1AA4006A9DA1 /* MainViewViewModel.swift in Sources */ = {isa = PBXBuildFile; fileRef = 64ACF2C12B6C1AA4006A9DA1 /* MainViewViewModel.swift */; };
		64ACF2C42B6C1AD2006A9DA1 /* ProfileViewViewModel.swift in Sources */ = {isa = PBXBuildFile; fileRef = 64ACF2C32B6C1AD2006A9DA1 /* ProfileViewViewModel.swift */; };
		64ACF2C62B6C1AE6006A9DA1 /* NewItemViewViewModel.swift in Sources */ = {isa = PBXBuildFile; fileRef = 64ACF2C52B6C1AE6006A9DA1 /* NewItemViewViewModel.swift */; };
		64ACF2C82B6C1AEF006A9DA1 /* LoginViewViewModel.swift in Sources */ = {isa = PBXBuildFile; fileRef = 64ACF2C72B6C1AEF006A9DA1 /* LoginViewViewModel.swift */; };
		64ACF2CA2B6C1AFC006A9DA1 /* RegisterViewViewModel.swift in Sources */ = {isa = PBXBuildFile; fileRef = 64ACF2C92B6C1AFC006A9DA1 /* RegisterViewViewModel.swift */; };
		64ACF2CC2B6C1B0D006A9DA1 /* ToDoListViewViewModel.swift in Sources */ = {isa = PBXBuildFile; fileRef = 64ACF2CB2B6C1B0D006A9DA1 /* ToDoListViewViewModel.swift */; };
		64ACF2CE2B6C1B20006A9DA1 /* ToDoListItemViewViewModel.swift in Sources */ = {isa = PBXBuildFile; fileRef = 64ACF2CD2B6C1B20006A9DA1 /* ToDoListItemViewViewModel.swift */; };
/* End PBXBuildFile section */

/* Begin PBXFileReference section */
		64ACF2622B6C160A006A9DA1 /* AlphatoDoList.app */ = {isa = PBXFileReference; explicitFileType = wrapper.application; includeInIndex = 0; path = AlphatoDoList.app; sourceTree = BUILT_PRODUCTS_DIR; };
		64ACF2652B6C160A006A9DA1 /* AlphatoDoListApp.swift */ = {isa = PBXFileReference; lastKnownFileType = sourcecode.swift; path = AlphatoDoListApp.swift; sourceTree = "<group>"; };
		64ACF2672B6C160A006A9DA1 /* MainView.swift */ = {isa = PBXFileReference; lastKnownFileType = sourcecode.swift; path = MainView.swift; sourceTree = "<group>"; };
		64ACF2692B6C160A006A9DA1 /* Assets.xcassets */ = {isa = PBXFileReference; lastKnownFileType = folder.assetcatalog; path = Assets.xcassets; sourceTree = "<group>"; };
		64ACF26C2B6C160A006A9DA1 /* Preview Assets.xcassets */ = {isa = PBXFileReference; lastKnownFileType = folder.assetcatalog; path = "Preview Assets.xcassets"; sourceTree = "<group>"; };
		64ACF2AA2B6C17C9006A9DA1 /* GoogleService-Info.plist */ = {isa = PBXFileReference; fileEncoding = 4; lastKnownFileType = text.plist.xml; path = "GoogleService-Info.plist"; sourceTree = "<group>"; };
		64ACF2B12B6C19F9006A9DA1 /* ProfileView.swift */ = {isa = PBXFileReference; lastKnownFileType = sourcecode.swift; path = ProfileView.swift; sourceTree = "<group>"; };
		64ACF2B32B6C1A09006A9DA1 /* NewItemView.swift */ = {isa = PBXFileReference; lastKnownFileType = sourcecode.swift; path = NewItemView.swift; sourceTree = "<group>"; };
		64ACF2B52B6C1A11006A9DA1 /* LoginView.swift */ = {isa = PBXFileReference; lastKnownFileType = sourcecode.swift; path = LoginView.swift; sourceTree = "<group>"; };
		64ACF2B72B6C1A1C006A9DA1 /* RegisterView.swift */ = {isa = PBXFileReference; lastKnownFileType = sourcecode.swift; path = RegisterView.swift; sourceTree = "<group>"; };
		64ACF2B92B6C1A26006A9DA1 /* ToDoListView.swift */ = {isa = PBXFileReference; lastKnownFileType = sourcecode.swift; path = ToDoListView.swift; sourceTree = "<group>"; };
		64ACF2BB2B6C1A54006A9DA1 /* ToDoListItemView.swift */ = {isa = PBXFileReference; lastKnownFileType = sourcecode.swift; path = ToDoListItemView.swift; sourceTree = "<group>"; };
		64ACF2BD2B6C1A73006A9DA1 /* User.swift */ = {isa = PBXFileReference; lastKnownFileType = sourcecode.swift; path = User.swift; sourceTree = "<group>"; };
		64ACF2BF2B6C1A8A006A9DA1 /* ToDoListItem.swift */ = {isa = PBXFileReference; lastKnownFileType = sourcecode.swift; path = ToDoListItem.swift; sourceTree = "<group>"; };
		64ACF2C12B6C1AA4006A9DA1 /* MainViewViewModel.swift */ = {isa = PBXFileReference; lastKnownFileType = sourcecode.swift; path = MainViewViewModel.swift; sourceTree = "<group>"; };
		64ACF2C32B6C1AD2006A9DA1 /* ProfileViewViewModel.swift */ = {isa = PBXFileReference; lastKnownFileType = sourcecode.swift; path = ProfileViewViewModel.swift; sourceTree = "<group>"; };
		64ACF2C52B6C1AE6006A9DA1 /* NewItemViewViewModel.swift */ = {isa = PBXFileReference; lastKnownFileType = sourcecode.swift; path = NewItemViewViewModel.swift; sourceTree = "<group>"; };
		64ACF2C72B6C1AEF006A9DA1 /* LoginViewViewModel.swift */ = {isa = PBXFileReference; lastKnownFileType = sourcecode.swift; path = LoginViewViewModel.swift; sourceTree = "<group>"; };
		64ACF2C92B6C1AFC006A9DA1 /* RegisterViewViewModel.swift */ = {isa = PBXFileReference; lastKnownFileType = sourcecode.swift; path = RegisterViewViewModel.swift; sourceTree = "<group>"; };
		64ACF2CB2B6C1B0D006A9DA1 /* ToDoListViewViewModel.swift */ = {isa = PBXFileReference; lastKnownFileType = sourcecode.swift; path = ToDoListViewViewModel.swift; sourceTree = "<group>"; };
		64ACF2CD2B6C1B20006A9DA1 /* ToDoListItemViewViewModel.swift */ = {isa = PBXFileReference; lastKnownFileType = sourcecode.swift; path = ToDoListItemViewViewModel.swift; sourceTree = "<group>"; };
/* End PBXFileReference section */

/* Begin PBXFrameworksBuildPhase section */
		64ACF25F2B6C160A006A9DA1 /* Frameworks */ = {
			isa = PBXFrameworksBuildPhase;
			buildActionMask = 2147483647;
			files = (
				64ACF2872B6C169B006A9DA1 /* FirebaseDatabase in Frameworks */,
				64ACF2952B6C169B006A9DA1 /* FirebaseFunctionsCombine-Community in Frameworks */,
				64ACF28D2B6C169B006A9DA1 /* FirebaseFirestore in Frameworks */,
				64ACF2792B6C169B006A9DA1 /* FirebaseAnalyticsSwift in Frameworks */,
				64ACF2752B6C169B006A9DA1 /* FirebaseAnalytics in Frameworks */,
				64ACF2772B6C169B006A9DA1 /* FirebaseAnalyticsOnDeviceConversion in Frameworks */,
				64ACF29D2B6C169B006A9DA1 /* FirebaseMLModelDownloader in Frameworks */,
				64ACF2912B6C169B006A9DA1 /* FirebaseFirestoreSwift in Frameworks */,
				64ACF27D2B6C169B006A9DA1 /* FirebaseAppCheck in Frameworks */,
				64ACF27B2B6C169B006A9DA1 /* FirebaseAnalyticsWithoutAdIdSupport in Frameworks */,
				64ACF2812B6C169B006A9DA1 /* FirebaseAuth in Frameworks */,
				64ACF2852B6C169B006A9DA1 /* FirebaseCrashlytics in Frameworks */,
				64ACF2A52B6C169B006A9DA1 /* FirebaseRemoteConfigSwift in Frameworks */,
				64ACF2972B6C169B006A9DA1 /* FirebaseInAppMessaging-Beta in Frameworks */,
				64ACF2892B6C169B006A9DA1 /* FirebaseDatabaseSwift in Frameworks */,
				64ACF2932B6C169B006A9DA1 /* FirebaseFunctions in Frameworks */,
				64ACF2A92B6C169B006A9DA1 /* FirebaseStorageCombine-Community in Frameworks */,
				64ACF2A32B6C169B006A9DA1 /* FirebaseRemoteConfig in Frameworks */,
				64ACF27F2B6C169B006A9DA1 /* FirebaseAppDistribution-Beta in Frameworks */,
				64ACF2832B6C169B006A9DA1 /* FirebaseAuthCombine-Community in Frameworks */,
				64ACF2A12B6C169B006A9DA1 /* FirebasePerformance in Frameworks */,
				64ACF2992B6C169B006A9DA1 /* FirebaseInAppMessagingSwift-Beta in Frameworks */,
				64ACF2A72B6C169B006A9DA1 /* FirebaseStorage in Frameworks */,
				64ACF28B2B6C169B006A9DA1 /* FirebaseDynamicLinks in Frameworks */,
				64ACF28F2B6C169B006A9DA1 /* FirebaseFirestoreCombine-Community in Frameworks */,
				64ACF29F2B6C169B006A9DA1 /* FirebaseMessaging in Frameworks */,
				64ACF29B2B6C169B006A9DA1 /* FirebaseInstallations in Frameworks */,
			);
			runOnlyForDeploymentPostprocessing = 0;
		};
/* End PBXFrameworksBuildPhase section */

/* Begin PBXGroup section */
		64ACF2592B6C160A006A9DA1 = {
			isa = PBXGroup;
			children = (
				64ACF2642B6C160A006A9DA1 /* AlphatoDoList */,
				64ACF2632B6C160A006A9DA1 /* Products */,
			);
			sourceTree = "<group>";
		};
		64ACF2632B6C160A006A9DA1 /* Products */ = {
			isa = PBXGroup;
			children = (
				64ACF2622B6C160A006A9DA1 /* AlphatoDoList.app */,
			);
			name = Products;
			sourceTree = "<group>";
		};
		64ACF2642B6C160A006A9DA1 /* AlphatoDoList */ = {
			isa = PBXGroup;
			children = (
				64ACF2AF2B6C18BD006A9DA1 /* ViewModels */,
				64ACF2AE2B6C18B4006A9DA1 /* Others */,
				64ACF2AD2B6C18AC006A9DA1 /* Models */,
				64ACF2AC2B6C18A7006A9DA1 /* Views */,
				64ACF26B2B6C160A006A9DA1 /* Preview Content */,
			);
			path = AlphatoDoList;
			sourceTree = "<group>";
		};
		64ACF26B2B6C160A006A9DA1 /* Preview Content */ = {
			isa = PBXGroup;
			children = (
				64ACF26C2B6C160A006A9DA1 /* Preview Assets.xcassets */,
			);
			path = "Preview Content";
			sourceTree = "<group>";
		};
		64ACF2AC2B6C18A7006A9DA1 /* Views */ = {
			isa = PBXGroup;
			children = (
				64ACF2672B6C160A006A9DA1 /* MainView.swift */,
				64ACF2B12B6C19F9006A9DA1 /* ProfileView.swift */,
				64ACF2B32B6C1A09006A9DA1 /* NewItemView.swift */,
				64ACF2B52B6C1A11006A9DA1 /* LoginView.swift */,
				64ACF2B72B6C1A1C006A9DA1 /* RegisterView.swift */,
				64ACF2B92B6C1A26006A9DA1 /* ToDoListView.swift */,
				64ACF2BB2B6C1A54006A9DA1 /* ToDoListItemView.swift */,
			);
			path = Views;
			sourceTree = "<group>";
		};
		64ACF2AD2B6C18AC006A9DA1 /* Models */ = {
			isa = PBXGroup;
			children = (
				64ACF2BD2B6C1A73006A9DA1 /* User.swift */,
				64ACF2BF2B6C1A8A006A9DA1 /* ToDoListItem.swift */,
			);
			path = Models;
			sourceTree = "<group>";
		};
		64ACF2AE2B6C18B4006A9DA1 /* Others */ = {
			isa = PBXGroup;
			children = (
				64ACF2652B6C160A006A9DA1 /* AlphatoDoListApp.swift */,
				64ACF2AA2B6C17C9006A9DA1 /* GoogleService-Info.plist */,
				64ACF2692B6C160A006A9DA1 /* Assets.xcassets */,
			);
			path = Others;
			sourceTree = "<group>";
		};
		64ACF2AF2B6C18BD006A9DA1 /* ViewModels */ = {
			isa = PBXGroup;
			children = (
				64ACF2C12B6C1AA4006A9DA1 /* MainViewViewModel.swift */,
				64ACF2C32B6C1AD2006A9DA1 /* ProfileViewViewModel.swift */,
				64ACF2C52B6C1AE6006A9DA1 /* NewItemViewViewModel.swift */,
				64ACF2C72B6C1AEF006A9DA1 /* LoginViewViewModel.swift */,
				64ACF2C92B6C1AFC006A9DA1 /* RegisterViewViewModel.swift */,
				64ACF2CB2B6C1B0D006A9DA1 /* ToDoListViewViewModel.swift */,
				64ACF2CD2B6C1B20006A9DA1 /* ToDoListItemViewViewModel.swift */,
			);
			path = ViewModels;
			sourceTree = "<group>";
		};
/* End PBXGroup section */

/* Begin PBXNativeTarget section */
		64ACF2612B6C160A006A9DA1 /* AlphatoDoList */ = {
			isa = PBXNativeTarget;
			buildConfigurationList = 64ACF2702B6C160A006A9DA1 /* Build configuration list for PBXNativeTarget "AlphatoDoList" */;
			buildPhases = (
				64ACF25E2B6C160A006A9DA1 /* Sources */,
				64ACF25F2B6C160A006A9DA1 /* Frameworks */,
				64ACF2602B6C160A006A9DA1 /* Resources */,
			);
			buildRules = (
			);
			dependencies = (
			);
			name = AlphatoDoList;
			packageProductDependencies = (
				64ACF2742B6C169B006A9DA1 /* FirebaseAnalytics */,
				64ACF2762B6C169B006A9DA1 /* FirebaseAnalyticsOnDeviceConversion */,
				64ACF2782B6C169B006A9DA1 /* FirebaseAnalyticsSwift */,
				64ACF27A2B6C169B006A9DA1 /* FirebaseAnalyticsWithoutAdIdSupport */,
				64ACF27C2B6C169B006A9DA1 /* FirebaseAppCheck */,
				64ACF27E2B6C169B006A9DA1 /* FirebaseAppDistribution-Beta */,
				64ACF2802B6C169B006A9DA1 /* FirebaseAuth */,
				64ACF2822B6C169B006A9DA1 /* FirebaseAuthCombine-Community */,
				64ACF2842B6C169B006A9DA1 /* FirebaseCrashlytics */,
				64ACF2862B6C169B006A9DA1 /* FirebaseDatabase */,
				64ACF2882B6C169B006A9DA1 /* FirebaseDatabaseSwift */,
				64ACF28A2B6C169B006A9DA1 /* FirebaseDynamicLinks */,
				64ACF28C2B6C169B006A9DA1 /* FirebaseFirestore */,
				64ACF28E2B6C169B006A9DA1 /* FirebaseFirestoreCombine-Community */,
				64ACF2902B6C169B006A9DA1 /* FirebaseFirestoreSwift */,
				64ACF2922B6C169B006A9DA1 /* FirebaseFunctions */,
				64ACF2942B6C169B006A9DA1 /* FirebaseFunctionsCombine-Community */,
				64ACF2962B6C169B006A9DA1 /* FirebaseInAppMessaging-Beta */,
				64ACF2982B6C169B006A9DA1 /* FirebaseInAppMessagingSwift-Beta */,
				64ACF29A2B6C169B006A9DA1 /* FirebaseInstallations */,
				64ACF29C2B6C169B006A9DA1 /* FirebaseMLModelDownloader */,
				64ACF29E2B6C169B006A9DA1 /* FirebaseMessaging */,
				64ACF2A02B6C169B006A9DA1 /* FirebasePerformance */,
				64ACF2A22B6C169B006A9DA1 /* FirebaseRemoteConfig */,
				64ACF2A42B6C169B006A9DA1 /* FirebaseRemoteConfigSwift */,
				64ACF2A62B6C169B006A9DA1 /* FirebaseStorage */,
				64ACF2A82B6C169B006A9DA1 /* FirebaseStorageCombine-Community */,
			);
			productName = AlphatoDoList;
			productReference = 64ACF2622B6C160A006A9DA1 /* AlphatoDoList.app */;
			productType = "com.apple.product-type.application";
		};
/* End PBXNativeTarget section */

/* Begin PBXProject section */
		64ACF25A2B6C160A006A9DA1 /* Project object */ = {
			isa = PBXProject;
			attributes = {
				BuildIndependentTargetsInParallel = 1;
				LastSwiftUpdateCheck = 1410;
				LastUpgradeCheck = 1410;
				TargetAttributes = {
					64ACF2612B6C160A006A9DA1 = {
						CreatedOnToolsVersion = 14.1;
					};
				};
			};
			buildConfigurationList = 64ACF25D2B6C160A006A9DA1 /* Build configuration list for PBXProject "AlphatoDoList" */;
			compatibilityVersion = "Xcode 14.0";
			developmentRegion = en;
			hasScannedForEncodings = 0;
			knownRegions = (
				en,
				Base,
			);
			mainGroup = 64ACF2592B6C160A006A9DA1;
			packageReferences = (
				64ACF2732B6C169B006A9DA1 /* XCRemoteSwiftPackageReference "firebase-ios-sdk" */,
			);
			productRefGroup = 64ACF2632B6C160A006A9DA1 /* Products */;
			projectDirPath = "";
			projectRoot = "";
			targets = (
				64ACF2612B6C160A006A9DA1 /* AlphatoDoList */,
			);
		};
/* End PBXProject section */

/* Begin PBXResourcesBuildPhase section */
		64ACF2602B6C160A006A9DA1 /* Resources */ = {
			isa = PBXResourcesBuildPhase;
			buildActionMask = 2147483647;
			files = (
				64ACF26D2B6C160A006A9DA1 /* Preview Assets.xcassets in Resources */,
				64ACF26A2B6C160A006A9DA1 /* Assets.xcassets in Resources */,
				64ACF2AB2B6C17C9006A9DA1 /* GoogleService-Info.plist in Resources */,
			);
			runOnlyForDeploymentPostprocessing = 0;
		};
/* End PBXResourcesBuildPhase section */

/* Begin PBXSourcesBuildPhase section */
		64ACF25E2B6C160A006A9DA1 /* Sources */ = {
			isa = PBXSourcesBuildPhase;
			buildActionMask = 2147483647;
			files = (
				64ACF2B42B6C1A09006A9DA1 /* NewItemView.swift in Sources */,
				64ACF2C82B6C1AEF006A9DA1 /* LoginViewViewModel.swift in Sources */,
				64ACF2682B6C160A006A9DA1 /* MainView.swift in Sources */,
				64ACF2C22B6C1AA4006A9DA1 /* MainViewViewModel.swift in Sources */,
				64ACF2C62B6C1AE6006A9DA1 /* NewItemViewViewModel.swift in Sources */,
				64ACF2CA2B6C1AFC006A9DA1 /* RegisterViewViewModel.swift in Sources */,
				64ACF2B22B6C19F9006A9DA1 /* ProfileView.swift in Sources */,
				64ACF2B82B6C1A1C006A9DA1 /* RegisterView.swift in Sources */,
				64ACF2C42B6C1AD2006A9DA1 /* ProfileViewViewModel.swift in Sources */,
				64ACF2CE2B6C1B20006A9DA1 /* ToDoListItemViewViewModel.swift in Sources */,
				64ACF2B62B6C1A11006A9DA1 /* LoginView.swift in Sources */,
				64ACF2BE2B6C1A73006A9DA1 /* User.swift in Sources */,
				64ACF2BC2B6C1A54006A9DA1 /* ToDoListItemView.swift in Sources */,
				64ACF2662B6C160A006A9DA1 /* AlphatoDoListApp.swift in Sources */,
				64ACF2C02B6C1A8A006A9DA1 /* ToDoListItem.swift in Sources */,
				64ACF2BA2B6C1A26006A9DA1 /* ToDoListView.swift in Sources */,
				64ACF2CC2B6C1B0D006A9DA1 /* ToDoListViewViewModel.swift in Sources */,
			);
			runOnlyForDeploymentPostprocessing = 0;
		};
/* End PBXSourcesBuildPhase section */

/* Begin XCBuildConfiguration section */
		64ACF26E2B6C160A006A9DA1 /* Debug */ = {
			isa = XCBuildConfiguration;
			buildSettings = {
				ALWAYS_SEARCH_USER_PATHS = NO;
				CLANG_ANALYZER_NONNULL = YES;
				CLANG_ANALYZER_NUMBER_OBJECT_CONVERSION = YES_AGGRESSIVE;
				CLANG_CXX_LANGUAGE_STANDARD = "gnu++20";
				CLANG_ENABLE_MODULES = YES;
				CLANG_ENABLE_OBJC_ARC = YES;
				CLANG_ENABLE_OBJC_WEAK = YES;
				CLANG_WARN_BLOCK_CAPTURE_AUTORELEASING = YES;
				CLANG_WARN_BOOL_CONVERSION = YES;
				CLANG_WARN_COMMA = YES;
				CLANG_WARN_CONSTANT_CONVERSION = YES;
				CLANG_WARN_DEPRECATED_OBJC_IMPLEMENTATIONS = YES;
				CLANG_WARN_DIRECT_OBJC_ISA_USAGE = YES_ERROR;
				CLANG_WARN_DOCUMENTATION_COMMENTS = YES;
				CLANG_WARN_EMPTY_BODY = YES;
				CLANG_WARN_ENUM_CONVERSION = YES;
				CLANG_WARN_INFINITE_RECURSION = YES;
				CLANG_WARN_INT_CONVERSION = YES;
				CLANG_WARN_NON_LITERAL_NULL_CONVERSION = YES;
				CLANG_WARN_OBJC_IMPLICIT_RETAIN_SELF = YES;
				CLANG_WARN_OBJC_LITERAL_CONVERSION = YES;
				CLANG_WARN_OBJC_ROOT_CLASS = YES_ERROR;
				CLANG_WARN_QUOTED_INCLUDE_IN_FRAMEWORK_HEADER = YES;
				CLANG_WARN_RANGE_LOOP_ANALYSIS = YES;
				CLANG_WARN_STRICT_PROTOTYPES = YES;
				CLANG_WARN_SUSPICIOUS_MOVE = YES;
				CLANG_WARN_UNGUARDED_AVAILABILITY = YES_AGGRESSIVE;
				CLANG_WARN_UNREACHABLE_CODE = YES;
				CLANG_WARN__DUPLICATE_METHOD_MATCH = YES;
				COPY_PHASE_STRIP = NO;
				DEBUG_INFORMATION_FORMAT = dwarf;
				ENABLE_STRICT_OBJC_MSGSEND = YES;
				ENABLE_TESTABILITY = YES;
				GCC_C_LANGUAGE_STANDARD = gnu11;
				GCC_DYNAMIC_NO_PIC = NO;
				GCC_NO_COMMON_BLOCKS = YES;
				GCC_OPTIMIZATION_LEVEL = 0;
				GCC_PREPROCESSOR_DEFINITIONS = (
					"DEBUG=1",
					"$(inherited)",
				);
				GCC_WARN_64_TO_32_BIT_CONVERSION = YES;
				GCC_WARN_ABOUT_RETURN_TYPE = YES_ERROR;
				GCC_WARN_UNDECLARED_SELECTOR = YES;
				GCC_WARN_UNINITIALIZED_AUTOS = YES_AGGRESSIVE;
				GCC_WARN_UNUSED_FUNCTION = YES;
				GCC_WARN_UNUSED_VARIABLE = YES;
				IPHONEOS_DEPLOYMENT_TARGET = 16.1;
				MTL_ENABLE_DEBUG_INFO = INCLUDE_SOURCE;
				MTL_FAST_MATH = YES;
				ONLY_ACTIVE_ARCH = YES;
				SDKROOT = iphoneos;
				SWIFT_ACTIVE_COMPILATION_CONDITIONS = DEBUG;
				SWIFT_OPTIMIZATION_LEVEL = "-Onone";
			};
			name = Debug;
		};
		64ACF26F2B6C160A006A9DA1 /* Release */ = {
			isa = XCBuildConfiguration;
			buildSettings = {
				ALWAYS_SEARCH_USER_PATHS = NO;
				CLANG_ANALYZER_NONNULL = YES;
				CLANG_ANALYZER_NUMBER_OBJECT_CONVERSION = YES_AGGRESSIVE;
				CLANG_CXX_LANGUAGE_STANDARD = "gnu++20";
				CLANG_ENABLE_MODULES = YES;
				CLANG_ENABLE_OBJC_ARC = YES;
				CLANG_ENABLE_OBJC_WEAK = YES;
				CLANG_WARN_BLOCK_CAPTURE_AUTORELEASING = YES;
				CLANG_WARN_BOOL_CONVERSION = YES;
				CLANG_WARN_COMMA = YES;
				CLANG_WARN_CONSTANT_CONVERSION = YES;
				CLANG_WARN_DEPRECATED_OBJC_IMPLEMENTATIONS = YES;
				CLANG_WARN_DIRECT_OBJC_ISA_USAGE = YES_ERROR;
				CLANG_WARN_DOCUMENTATION_COMMENTS = YES;
				CLANG_WARN_EMPTY_BODY = YES;
				CLANG_WARN_ENUM_CONVERSION = YES;
				CLANG_WARN_INFINITE_RECURSION = YES;
				CLANG_WARN_INT_CONVERSION = YES;
				CLANG_WARN_NON_LITERAL_NULL_CONVERSION = YES;
				CLANG_WARN_OBJC_IMPLICIT_RETAIN_SELF = YES;
				CLANG_WARN_OBJC_LITERAL_CONVERSION = YES;
				CLANG_WARN_OBJC_ROOT_CLASS = YES_ERROR;
				CLANG_WARN_QUOTED_INCLUDE_IN_FRAMEWORK_HEADER = YES;
				CLANG_WARN_RANGE_LOOP_ANALYSIS = YES;
				CLANG_WARN_STRICT_PROTOTYPES = YES;
				CLANG_WARN_SUSPICIOUS_MOVE = YES;
				CLANG_WARN_UNGUARDED_AVAILABILITY = YES_AGGRESSIVE;
				CLANG_WARN_UNREACHABLE_CODE = YES;
				CLANG_WARN__DUPLICATE_METHOD_MATCH = YES;
				COPY_PHASE_STRIP = NO;
				DEBUG_INFORMATION_FORMAT = "dwarf-with-dsym";
				ENABLE_NS_ASSERTIONS = NO;
				ENABLE_STRICT_OBJC_MSGSEND = YES;
				GCC_C_LANGUAGE_STANDARD = gnu11;
				GCC_NO_COMMON_BLOCKS = YES;
				GCC_WARN_64_TO_32_BIT_CONVERSION = YES;
				GCC_WARN_ABOUT_RETURN_TYPE = YES_ERROR;
				GCC_WARN_UNDECLARED_SELECTOR = YES;
				GCC_WARN_UNINITIALIZED_AUTOS = YES_AGGRESSIVE;
				GCC_WARN_UNUSED_FUNCTION = YES;
				GCC_WARN_UNUSED_VARIABLE = YES;
				IPHONEOS_DEPLOYMENT_TARGET = 16.1;
				MTL_ENABLE_DEBUG_INFO = NO;
				MTL_FAST_MATH = YES;
				SDKROOT = iphoneos;
				SWIFT_COMPILATION_MODE = wholemodule;
				SWIFT_OPTIMIZATION_LEVEL = "-O";
				VALIDATE_PRODUCT = YES;
			};
			name = Release;
		};
		64ACF2712B6C160A006A9DA1 /* Debug */ = {
			isa = XCBuildConfiguration;
			buildSettings = {
				ASSETCATALOG_COMPILER_APPICON_NAME = AppIcon;
				ASSETCATALOG_COMPILER_GLOBAL_ACCENT_COLOR_NAME = AccentColor;
				CODE_SIGN_STYLE = Automatic;
				CURRENT_PROJECT_VERSION = 1;
				DEVELOPMENT_ASSET_PATHS = "\"AlphatoDoList/Preview Content\"";
				DEVELOPMENT_TEAM = HJHD973MWB;
				ENABLE_PREVIEWS = YES;
				GENERATE_INFOPLIST_FILE = YES;
				INFOPLIST_KEY_CFBundleDisplayName = Tortoise;
				INFOPLIST_KEY_UIApplicationSceneManifest_Generation = YES;
				INFOPLIST_KEY_UIApplicationSupportsIndirectInputEvents = YES;
				INFOPLIST_KEY_UILaunchScreen_Generation = YES;
				INFOPLIST_KEY_UISupportedInterfaceOrientations = UIInterfaceOrientationPortrait;
				LD_RUNPATH_SEARCH_PATHS = (
					"$(inherited)",
					"@executable_path/Frameworks",
				);
				MARKETING_VERSION = 1.0;
				PRODUCT_BUNDLE_IDENTIFIER = com.MehmetAliEr.AlphatoDoList;
				PRODUCT_NAME = "$(TARGET_NAME)";
				SWIFT_EMIT_LOC_STRINGS = YES;
				SWIFT_VERSION = 5.0;
				TARGETED_DEVICE_FAMILY = "1,2";
			};
			name = Debug;
		};
		64ACF2722B6C160A006A9DA1 /* Release */ = {
			isa = XCBuildConfiguration;
			buildSettings = {
				ASSETCATALOG_COMPILER_APPICON_NAME = AppIcon;
				ASSETCATALOG_COMPILER_GLOBAL_ACCENT_COLOR_NAME = AccentColor;
				CODE_SIGN_STYLE = Automatic;
				CURRENT_PROJECT_VERSION = 1;
				DEVELOPMENT_ASSET_PATHS = "\"AlphatoDoList/Preview Content\"";
				DEVELOPMENT_TEAM = HJHD973MWB;
				ENABLE_PREVIEWS = YES;
				GENERATE_INFOPLIST_FILE = YES;
				INFOPLIST_KEY_CFBundleDisplayName = Tortoise;
				INFOPLIST_KEY_UIApplicationSceneManifest_Generation = YES;
				INFOPLIST_KEY_UIApplicationSupportsIndirectInputEvents = YES;
				INFOPLIST_KEY_UILaunchScreen_Generation = YES;
				INFOPLIST_KEY_UISupportedInterfaceOrientations = UIInterfaceOrientationPortrait;
				LD_RUNPATH_SEARCH_PATHS = (
					"$(inherited)",
					"@executable_path/Frameworks",
				);
				MARKETING_VERSION = 1.0;
				PRODUCT_BUNDLE_IDENTIFIER = com.MehmetAliEr.AlphatoDoList;
				PRODUCT_NAME = "$(TARGET_NAME)";
				SWIFT_EMIT_LOC_STRINGS = YES;
				SWIFT_VERSION = 5.0;
				TARGETED_DEVICE_FAMILY = "1,2";
			};
			name = Release;
		};
/* End XCBuildConfiguration section */

/* Begin XCConfigurationList section */
		64ACF25D2B6C160A006A9DA1 /* Build configuration list for PBXProject "AlphatoDoList" */ = {
			isa = XCConfigurationList;
			buildConfigurations = (
				64ACF26E2B6C160A006A9DA1 /* Debug */,
				64ACF26F2B6C160A006A9DA1 /* Release */,
			);
			defaultConfigurationIsVisible = 0;
			defaultConfigurationName = Release;
		};
		64ACF2702B6C160A006A9DA1 /* Build configuration list for PBXNativeTarget "AlphatoDoList" */ = {
			isa = XCConfigurationList;
			buildConfigurations = (
				64ACF2712B6C160A006A9DA1 /* Debug */,
				64ACF2722B6C160A006A9DA1 /* Release */,
			);
			defaultConfigurationIsVisible = 0;
			defaultConfigurationName = Release;
		};
/* End XCConfigurationList section */

/* Begin XCRemoteSwiftPackageReference section */
		64ACF2732B6C169B006A9DA1 /* XCRemoteSwiftPackageReference "firebase-ios-sdk" */ = {
			isa = XCRemoteSwiftPackageReference;
			repositoryURL = "https://github.com/firebase/firebase-ios-sdk.git";
			requirement = {
				kind = upToNextMajorVersion;
				minimumVersion = 9.0.0;
			};
		};
/* End XCRemoteSwiftPackageReference section */

/* Begin XCSwiftPackageProductDependency section */
		64ACF2742B6C169B006A9DA1 /* FirebaseAnalytics */ = {
			isa = XCSwiftPackageProductDependency;
			package = 64ACF2732B6C169B006A9DA1 /* XCRemoteSwiftPackageReference "firebase-ios-sdk" */;
			productName = FirebaseAnalytics;
		};
		64ACF2762B6C169B006A9DA1 /* FirebaseAnalyticsOnDeviceConversion */ = {
			isa = XCSwiftPackageProductDependency;
			package = 64ACF2732B6C169B006A9DA1 /* XCRemoteSwiftPackageReference "firebase-ios-sdk" */;
			productName = FirebaseAnalyticsOnDeviceConversion;
		};
		64ACF2782B6C169B006A9DA1 /* FirebaseAnalyticsSwift */ = {
			isa = XCSwiftPackageProductDependency;
			package = 64ACF2732B6C169B006A9DA1 /* XCRemoteSwiftPackageReference "firebase-ios-sdk" */;
			productName = FirebaseAnalyticsSwift;
		};
		64ACF27A2B6C169B006A9DA1 /* FirebaseAnalyticsWithoutAdIdSupport */ = {
			isa = XCSwiftPackageProductDependency;
			package = 64ACF2732B6C169B006A9DA1 /* XCRemoteSwiftPackageReference "firebase-ios-sdk" */;
			productName = FirebaseAnalyticsWithoutAdIdSupport;
		};
		64ACF27C2B6C169B006A9DA1 /* FirebaseAppCheck */ = {
			isa = XCSwiftPackageProductDependency;
			package = 64ACF2732B6C169B006A9DA1 /* XCRemoteSwiftPackageReference "firebase-ios-sdk" */;
			productName = FirebaseAppCheck;
		};
		64ACF27E2B6C169B006A9DA1 /* FirebaseAppDistribution-Beta */ = {
			isa = XCSwiftPackageProductDependency;
			package = 64ACF2732B6C169B006A9DA1 /* XCRemoteSwiftPackageReference "firebase-ios-sdk" */;
			productName = "FirebaseAppDistribution-Beta";
		};
		64ACF2802B6C169B006A9DA1 /* FirebaseAuth */ = {
			isa = XCSwiftPackageProductDependency;
			package = 64ACF2732B6C169B006A9DA1 /* XCRemoteSwiftPackageReference "firebase-ios-sdk" */;
			productName = FirebaseAuth;
		};
		64ACF2822B6C169B006A9DA1 /* FirebaseAuthCombine-Community */ = {
			isa = XCSwiftPackageProductDependency;
			package = 64ACF2732B6C169B006A9DA1 /* XCRemoteSwiftPackageReference "firebase-ios-sdk" */;
			productName = "FirebaseAuthCombine-Community";
		};
		64ACF2842B6C169B006A9DA1 /* FirebaseCrashlytics */ = {
			isa = XCSwiftPackageProductDependency;
			package = 64ACF2732B6C169B006A9DA1 /* XCRemoteSwiftPackageReference "firebase-ios-sdk" */;
			productName = FirebaseCrashlytics;
		};
		64ACF2862B6C169B006A9DA1 /* FirebaseDatabase */ = {
			isa = XCSwiftPackageProductDependency;
			package = 64ACF2732B6C169B006A9DA1 /* XCRemoteSwiftPackageReference "firebase-ios-sdk" */;
			productName = FirebaseDatabase;
		};
		64ACF2882B6C169B006A9DA1 /* FirebaseDatabaseSwift */ = {
			isa = XCSwiftPackageProductDependency;
			package = 64ACF2732B6C169B006A9DA1 /* XCRemoteSwiftPackageReference "firebase-ios-sdk" */;
			productName = FirebaseDatabaseSwift;
		};
		64ACF28A2B6C169B006A9DA1 /* FirebaseDynamicLinks */ = {
			isa = XCSwiftPackageProductDependency;
			package = 64ACF2732B6C169B006A9DA1 /* XCRemoteSwiftPackageReference "firebase-ios-sdk" */;
			productName = FirebaseDynamicLinks;
		};
		64ACF28C2B6C169B006A9DA1 /* FirebaseFirestore */ = {
			isa = XCSwiftPackageProductDependency;
			package = 64ACF2732B6C169B006A9DA1 /* XCRemoteSwiftPackageReference "firebase-ios-sdk" */;
			productName = FirebaseFirestore;
		};
		64ACF28E2B6C169B006A9DA1 /* FirebaseFirestoreCombine-Community */ = {
			isa = XCSwiftPackageProductDependency;
			package = 64ACF2732B6C169B006A9DA1 /* XCRemoteSwiftPackageReference "firebase-ios-sdk" */;
			productName = "FirebaseFirestoreCombine-Community";
		};
		64ACF2902B6C169B006A9DA1 /* FirebaseFirestoreSwift */ = {
			isa = XCSwiftPackageProductDependency;
			package = 64ACF2732B6C169B006A9DA1 /* XCRemoteSwiftPackageReference "firebase-ios-sdk" */;
			productName = FirebaseFirestoreSwift;
		};
		64ACF2922B6C169B006A9DA1 /* FirebaseFunctions */ = {
			isa = XCSwiftPackageProductDependency;
			package = 64ACF2732B6C169B006A9DA1 /* XCRemoteSwiftPackageReference "firebase-ios-sdk" */;
			productName = FirebaseFunctions;
		};
		64ACF2942B6C169B006A9DA1 /* FirebaseFunctionsCombine-Community */ = {
			isa = XCSwiftPackageProductDependency;
			package = 64ACF2732B6C169B006A9DA1 /* XCRemoteSwiftPackageReference "firebase-ios-sdk" */;
			productName = "FirebaseFunctionsCombine-Community";
		};
		64ACF2962B6C169B006A9DA1 /* FirebaseInAppMessaging-Beta */ = {
			isa = XCSwiftPackageProductDependency;
			package = 64ACF2732B6C169B006A9DA1 /* XCRemoteSwiftPackageReference "firebase-ios-sdk" */;
			productName = "FirebaseInAppMessaging-Beta";
		};
		64ACF2982B6C169B006A9DA1 /* FirebaseInAppMessagingSwift-Beta */ = {
			isa = XCSwiftPackageProductDependency;
			package = 64ACF2732B6C169B006A9DA1 /* XCRemoteSwiftPackageReference "firebase-ios-sdk" */;
			productName = "FirebaseInAppMessagingSwift-Beta";
		};
		64ACF29A2B6C169B006A9DA1 /* FirebaseInstallations */ = {
			isa = XCSwiftPackageProductDependency;
			package = 64ACF2732B6C169B006A9DA1 /* XCRemoteSwiftPackageReference "firebase-ios-sdk" */;
			productName = FirebaseInstallations;
		};
		64ACF29C2B6C169B006A9DA1 /* FirebaseMLModelDownloader */ = {
			isa = XCSwiftPackageProductDependency;
			package = 64ACF2732B6C169B006A9DA1 /* XCRemoteSwiftPackageReference "firebase-ios-sdk" */;
			productName = FirebaseMLModelDownloader;
		};
		64ACF29E2B6C169B006A9DA1 /* FirebaseMessaging */ = {
			isa = XCSwiftPackageProductDependency;
			package = 64ACF2732B6C169B006A9DA1 /* XCRemoteSwiftPackageReference "firebase-ios-sdk" */;
			productName = FirebaseMessaging;
		};
		64ACF2A02B6C169B006A9DA1 /* FirebasePerformance */ = {
			isa = XCSwiftPackageProductDependency;
			package = 64ACF2732B6C169B006A9DA1 /* XCRemoteSwiftPackageReference "firebase-ios-sdk" */;
			productName = FirebasePerformance;
		};
		64ACF2A22B6C169B006A9DA1 /* FirebaseRemoteConfig */ = {
			isa = XCSwiftPackageProductDependency;
			package = 64ACF2732B6C169B006A9DA1 /* XCRemoteSwiftPackageReference "firebase-ios-sdk" */;
			productName = FirebaseRemoteConfig;
		};
		64ACF2A42B6C169B006A9DA1 /* FirebaseRemoteConfigSwift */ = {
			isa = XCSwiftPackageProductDependency;
			package = 64ACF2732B6C169B006A9DA1 /* XCRemoteSwiftPackageReference "firebase-ios-sdk" */;
			productName = FirebaseRemoteConfigSwift;
		};
		64ACF2A62B6C169B006A9DA1 /* FirebaseStorage */ = {
			isa = XCSwiftPackageProductDependency;
			package = 64ACF2732B6C169B006A9DA1 /* XCRemoteSwiftPackageReference "firebase-ios-sdk" */;
			productName = FirebaseStorage;
		};
		64ACF2A82B6C169B006A9DA1 /* FirebaseStorageCombine-Community */ = {
			isa = XCSwiftPackageProductDependency;
			package = 64ACF2732B6C169B006A9DA1 /* XCRemoteSwiftPackageReference "firebase-ios-sdk" */;
			productName = "FirebaseStorageCombine-Community";
		};
/* End XCSwiftPackageProductDependency section */
	};
	rootObject = 64ACF25A2B6C160A006A9DA1 /* Project object */;
}
